{
  "version": 4,
  "terraform_version": "0.14.9",
  "serial": 78,
  "lineage": "29c9f33d-f9a4-753f-8daf-b33be7a87c1c",
  "outputs": {
    "Private_IP_of_ubuntu1": {
      "value": [
        "192.168.1.4"
      ],
      "type": [
        "tuple",
        [
          "string"
        ]
      ]
    },
    "Private_IP_of_ubuntu2": {
      "value": [
        "192.168.1.103"
      ],
      "type": [
        "tuple",
        [
          "string"
        ]
      ]
    },
    "Public_IP_of_ubuntu1": {
      "value": [
        ""
      ],
      "type": [
        "tuple",
        [
          "string"
        ]
      ]
    },
    "Public_IP_of_ubuntu2": {
      "value": [
        ""
      ],
      "type": [
        "tuple",
        [
          "string"
        ]
      ]
    }
  },
  "resources": [
    {
      "mode": "managed",
      "type": "aws_eip",
      "name": "sepehr_eip1",
      "provider": "provider[\"registry.terraform.io/hashicorp/aws\"]",
      "instances": [
        {
          "schema_version": 0,
          "attributes": {
            "allocation_id": null,
            "associate_with_private_ip": null,
            "association_id": "eipassoc-07e62513916e0a2ce",
            "carrier_ip": "",
            "customer_owned_ip": "",
            "customer_owned_ipv4_pool": "",
            "domain": "vpc",
            "id": "eipalloc-002ed77d7f625dd16",
            "instance": "i-097ee2f6b80b04f7c",
            "network_border_group": "us-west-2",
            "network_interface": "eni-0e1b293ba2d89cb9e",
            "private_dns": "ip-192-168-1-4.us-west-2.compute.internal",
            "private_ip": "192.168.1.4",
            "public_dns": "ec2-52-38-51-154.us-west-2.compute.amazonaws.com",
            "public_ip": "52.38.51.154",
            "public_ipv4_pool": "amazon",
            "tags": {
              "Name": "sepehr_eip1"
            },
            "timeouts": null,
            "vpc": true
          },
          "sensitive_attributes": [],
          "private": "eyJlMmJmYjczMC1lY2FhLTExZTYtOGY4OC0zNDM2M2JjN2M0YzAiOnsiZGVsZXRlIjoxODAwMDAwMDAwMDAsInJlYWQiOjkwMDAwMDAwMDAwMCwidXBkYXRlIjozMDAwMDAwMDAwMDB9fQ==",
          "dependencies": [
            "aws_instance.ubuntu1"
          ]
        }
      ]
    },
    {
      "mode": "managed",
      "type": "aws_eip",
      "name": "sepehr_eip2",
      "provider": "provider[\"registry.terraform.io/hashicorp/aws\"]",
      "instances": [
        {
          "schema_version": 0,
          "attributes": {
            "allocation_id": null,
            "associate_with_private_ip": null,
            "association_id": "eipassoc-00bf7a16744df0ee5",
            "carrier_ip": "",
            "customer_owned_ip": "",
            "customer_owned_ipv4_pool": "",
            "domain": "vpc",
            "id": "eipalloc-096ed3c9f3b31e135",
            "instance": "i-05594f59cd8471109",
            "network_border_group": "us-west-2",
            "network_interface": "eni-002f5241c1ce49c5e",
            "private_dns": "ip-192-168-1-103.us-west-2.compute.internal",
            "private_ip": "192.168.1.103",
            "public_dns": "ec2-35-167-255-198.us-west-2.compute.amazonaws.com",
            "public_ip": "35.167.255.198",
            "public_ipv4_pool": "amazon",
            "tags": {
              "Name": "sepehr_eip2"
            },
            "timeouts": null,
            "vpc": true
          },
          "sensitive_attributes": [],
          "private": "eyJlMmJmYjczMC1lY2FhLTExZTYtOGY4OC0zNDM2M2JjN2M0YzAiOnsiZGVsZXRlIjoxODAwMDAwMDAwMDAsInJlYWQiOjkwMDAwMDAwMDAwMCwidXBkYXRlIjozMDAwMDAwMDAwMDB9fQ==",
          "dependencies": [
            "aws_instance.ubuntu2"
          ]
        }
      ]
    },
    {
      "mode": "managed",
      "type": "aws_instance",
      "name": "ubuntu1",
      "provider": "provider[\"registry.terraform.io/hashicorp/aws\"]",
      "instances": [
        {
          "schema_version": 1,
          "attributes": {
            "ami": "ami-0ca5c3bd5a268e7db",
            "arn": "arn:aws:ec2:us-west-2:945345488425:instance/i-097ee2f6b80b04f7c",
            "associate_public_ip_address": false,
            "availability_zone": "us-west-2a",
            "cpu_core_count": 1,
            "cpu_threads_per_core": 1,
            "credit_specification": [
              {
                "cpu_credits": "standard"
              }
            ],
            "disable_api_termination": false,
            "ebs_block_device": [],
            "ebs_optimized": false,
            "enclave_options": [
              {
                "enabled": false
              }
            ],
            "ephemeral_block_device": [],
            "get_password_data": false,
            "hibernation": false,
            "host_id": null,
            "iam_instance_profile": "",
            "id": "i-097ee2f6b80b04f7c",
            "instance_initiated_shutdown_behavior": null,
            "instance_state": "running",
            "instance_type": "t2.micro",
            "ipv6_address_count": 0,
            "ipv6_addresses": [],
            "key_name": "sepehr_key",
            "metadata_options": [
              {
                "http_endpoint": "enabled",
                "http_put_response_hop_limit": 1,
                "http_tokens": "optional"
              }
            ],
            "monitoring": false,
            "network_interface": [
              {
                "delete_on_termination": false,
                "device_index": 0,
                "network_interface_id": "eni-0e1b293ba2d89cb9e"
              }
            ],
            "outpost_arn": "",
            "password_data": "",
            "placement_group": "",
            "primary_network_interface_id": "eni-0e1b293ba2d89cb9e",
            "private_dns": "ip-192-168-1-4.us-west-2.compute.internal",
            "private_ip": "192.168.1.4",
            "public_dns": "",
            "public_ip": "",
            "root_block_device": [
              {
                "delete_on_termination": true,
                "device_name": "/dev/sda1",
                "encrypted": false,
                "iops": 100,
                "kms_key_id": "",
                "tags": {},
                "throughput": 0,
                "volume_id": "vol-0c68d8e9e8b78fb54",
                "volume_size": 8,
                "volume_type": "gp2"
              }
            ],
            "secondary_private_ips": [],
            "security_groups": [],
            "source_dest_check": true,
            "subnet_id": "subnet-0afa8edd023583d66",
            "tags": {
              "Name": "ubuntu1"
            },
            "tenancy": "default",
            "timeouts": null,
            "user_data": null,
            "user_data_base64": null,
            "volume_tags": null,
            "vpc_security_group_ids": [
              "sg-0770ccd959e2db3a6"
            ]
          },
          "sensitive_attributes": [],
          "private": "eyJlMmJmYjczMC1lY2FhLTExZTYtOGY4OC0zNDM2M2JjN2M0YzAiOnsiY3JlYXRlIjo2MDAwMDAwMDAwMDAsImRlbGV0ZSI6MTIwMDAwMDAwMDAwMCwidXBkYXRlIjo2MDAwMDAwMDAwMDB9LCJzY2hlbWFfdmVyc2lvbiI6IjEifQ==",
          "dependencies": [
            "aws_network_interface.sepehr_interface1",
            "aws_security_group.allow_ssh",
            "aws_subnet.sepehr_subnet1",
            "aws_vpc.sepehr_vpc"
          ]
        }
      ]
    },
    {
      "mode": "managed",
      "type": "aws_instance",
      "name": "ubuntu2",
      "provider": "provider[\"registry.terraform.io/hashicorp/aws\"]",
      "instances": [
        {
          "schema_version": 1,
          "attributes": {
            "ami": "ami-0ca5c3bd5a268e7db",
            "arn": "arn:aws:ec2:us-west-2:945345488425:instance/i-05594f59cd8471109",
            "associate_public_ip_address": false,
            "availability_zone": "us-west-2a",
            "cpu_core_count": 1,
            "cpu_threads_per_core": 1,
            "credit_specification": [
              {
                "cpu_credits": "standard"
              }
            ],
            "disable_api_termination": false,
            "ebs_block_device": [],
            "ebs_optimized": false,
            "enclave_options": [
              {
                "enabled": false
              }
            ],
            "ephemeral_block_device": [],
            "get_password_data": false,
            "hibernation": false,
            "host_id": null,
            "iam_instance_profile": "",
            "id": "i-05594f59cd8471109",
            "instance_initiated_shutdown_behavior": null,
            "instance_state": "running",
            "instance_type": "t2.micro",
            "ipv6_address_count": 0,
            "ipv6_addresses": [],
            "key_name": "sepehr_key",
            "metadata_options": [
              {
                "http_endpoint": "enabled",
                "http_put_response_hop_limit": 1,
                "http_tokens": "optional"
              }
            ],
            "monitoring": false,
            "network_interface": [
              {
                "delete_on_termination": false,
                "device_index": 0,
                "network_interface_id": "eni-002f5241c1ce49c5e"
              }
            ],
            "outpost_arn": "",
            "password_data": "",
            "placement_group": "",
            "primary_network_interface_id": "eni-002f5241c1ce49c5e",
            "private_dns": "ip-192-168-1-103.us-west-2.compute.internal",
            "private_ip": "192.168.1.103",
            "public_dns": "",
            "public_ip": "",
            "root_block_device": [
              {
                "delete_on_termination": true,
                "device_name": "/dev/sda1",
                "encrypted": false,
                "iops": 100,
                "kms_key_id": "",
                "tags": {},
                "throughput": 0,
                "volume_id": "vol-0c934cd51663d711f",
                "volume_size": 8,
                "volume_type": "gp2"
              }
            ],
            "secondary_private_ips": [],
            "security_groups": [],
            "source_dest_check": true,
            "subnet_id": "subnet-0afa8edd023583d66",
            "tags": {
              "Name": "ubuntu2"
            },
            "tenancy": "default",
            "timeouts": null,
            "user_data": null,
            "user_data_base64": null,
            "volume_tags": null,
            "vpc_security_group_ids": [
              "sg-0770ccd959e2db3a6"
            ]
          },
          "sensitive_attributes": [],
          "private": "eyJlMmJmYjczMC1lY2FhLTExZTYtOGY4OC0zNDM2M2JjN2M0YzAiOnsiY3JlYXRlIjo2MDAwMDAwMDAwMDAsImRlbGV0ZSI6MTIwMDAwMDAwMDAwMCwidXBkYXRlIjo2MDAwMDAwMDAwMDB9LCJzY2hlbWFfdmVyc2lvbiI6IjEifQ==",
          "dependencies": [
            "aws_network_interface.sepehr_interface2",
            "aws_security_group.allow_ssh",
            "aws_subnet.sepehr_subnet1",
            "aws_vpc.sepehr_vpc"
          ]
        }
      ]
    },
    {
      "mode": "managed",
      "type": "aws_internet_gateway",
      "name": "sepehr_gateway",
      "provider": "provider[\"registry.terraform.io/hashicorp/aws\"]",
      "instances": [
        {
          "schema_version": 0,
          "attributes": {
            "arn": "arn:aws:ec2:us-west-2:945345488425:internet-gateway/igw-0b7ec287e89a2fe40",
            "id": "igw-0b7ec287e89a2fe40",
            "owner_id": "945345488425",
            "tags": {
              "Name": "main"
            },
            "vpc_id": "vpc-069af0cbd841cbcad"
          },
          "sensitive_attributes": [],
          "private": "bnVsbA==",
          "dependencies": [
            "aws_vpc.sepehr_vpc"
          ]
        }
      ]
    },
    {
      "mode": "managed",
      "type": "aws_network_interface",
      "name": "sepehr_interface1",
      "provider": "provider[\"registry.terraform.io/hashicorp/aws\"]",
      "instances": [
        {
          "schema_version": 0,
          "attributes": {
            "attachment": [
              {
                "attachment_id": "eni-attach-055b2433e547b6919",
                "device_index": 0,
                "instance": "i-097ee2f6b80b04f7c"
              }
            ],
            "description": "",
            "id": "eni-0e1b293ba2d89cb9e",
            "ipv6_address_count": 0,
            "ipv6_addresses": [],
            "mac_address": "06:2e:10:41:67:6f",
            "outpost_arn": "",
            "private_dns_name": "",
            "private_ip": "192.168.1.4",
            "private_ips": [
              "192.168.1.4"
            ],
            "private_ips_count": 0,
            "security_groups": [
              "sg-0770ccd959e2db3a6"
            ],
            "source_dest_check": true,
            "subnet_id": "subnet-0afa8edd023583d66",
            "tags": {
              "Name": "sepehr_interface1"
            }
          },
          "sensitive_attributes": [],
          "private": "bnVsbA==",
          "dependencies": [
            "aws_security_group.allow_ssh",
            "aws_subnet.sepehr_subnet1",
            "aws_vpc.sepehr_vpc"
          ]
        }
      ]
    },
    {
      "mode": "managed",
      "type": "aws_network_interface",
      "name": "sepehr_interface2",
      "provider": "provider[\"registry.terraform.io/hashicorp/aws\"]",
      "instances": [
        {
          "schema_version": 0,
          "attributes": {
            "attachment": [
              {
                "attachment_id": "eni-attach-0d3bdef973664454d",
                "device_index": 0,
                "instance": "i-05594f59cd8471109"
              }
            ],
            "description": "",
            "id": "eni-002f5241c1ce49c5e",
            "ipv6_address_count": 0,
            "ipv6_addresses": [],
            "mac_address": "06:26:c3:1a:f2:5b",
            "outpost_arn": "",
            "private_dns_name": "",
            "private_ip": "192.168.1.103",
            "private_ips": [
              "192.168.1.103"
            ],
            "private_ips_count": 0,
            "security_groups": [
              "sg-0770ccd959e2db3a6"
            ],
            "source_dest_check": true,
            "subnet_id": "subnet-0afa8edd023583d66",
            "tags": {
              "Name": "sepehr_interface2"
            }
          },
          "sensitive_attributes": [],
          "private": "bnVsbA==",
          "dependencies": [
            "aws_security_group.allow_ssh",
            "aws_subnet.sepehr_subnet1",
            "aws_vpc.sepehr_vpc"
          ]
        }
      ]
    },
    {
      "mode": "managed",
      "type": "aws_security_group",
      "name": "allow_ssh",
      "provider": "provider[\"registry.terraform.io/hashicorp/aws\"]",
      "instances": [
        {
          "schema_version": 1,
          "attributes": {
            "arn": "arn:aws:ec2:us-west-2:945345488425:security-group/sg-0770ccd959e2db3a6",
            "description": "Allow SSH",
            "egress": [
              {
                "cidr_blocks": [
                  "0.0.0.0/0"
                ],
                "description": "",
                "from_port": 0,
                "ipv6_cidr_blocks": [],
                "prefix_list_ids": [],
                "protocol": "-1",
                "security_groups": [],
                "self": false,
                "to_port": 0
              }
            ],
            "id": "sg-0770ccd959e2db3a6",
            "ingress": [
              {
                "cidr_blocks": [
                  "208.118.69.130/32"
                ],
                "description": "SSH to VPC",
                "from_port": 22,
                "ipv6_cidr_blocks": [],
                "prefix_list_ids": [],
                "protocol": "tcp",
                "security_groups": [],
                "self": false,
                "to_port": 22
              }
            ],
            "name": "allow_ssh",
            "name_prefix": "",
            "owner_id": "945345488425",
            "revoke_rules_on_delete": false,
            "tags": {},
            "timeouts": null,
            "vpc_id": "vpc-069af0cbd841cbcad"
          },
          "sensitive_attributes": [],
          "private": "eyJlMmJmYjczMC1lY2FhLTExZTYtOGY4OC0zNDM2M2JjN2M0YzAiOnsiY3JlYXRlIjo2MDAwMDAwMDAwMDAsImRlbGV0ZSI6NjAwMDAwMDAwMDAwfSwic2NoZW1hX3ZlcnNpb24iOiIxIn0=",
          "dependencies": [
            "aws_vpc.sepehr_vpc"
          ]
        }
      ]
    },
    {
      "mode": "managed",
      "type": "aws_subnet",
      "name": "sepehr_subnet1",
      "provider": "provider[\"registry.terraform.io/hashicorp/aws\"]",
      "instances": [
        {
          "schema_version": 1,
          "attributes": {
            "arn": "arn:aws:ec2:us-west-2:945345488425:subnet/subnet-0afa8edd023583d66",
            "assign_ipv6_address_on_creation": false,
            "availability_zone": "us-west-2a",
            "availability_zone_id": "usw2-az2",
            "cidr_block": "192.168.1.0/24",
            "customer_owned_ipv4_pool": "",
            "id": "subnet-0afa8edd023583d66",
            "ipv6_cidr_block": "",
            "ipv6_cidr_block_association_id": "",
            "map_customer_owned_ip_on_launch": false,
            "map_public_ip_on_launch": false,
            "outpost_arn": "",
            "owner_id": "945345488425",
            "tags": {
              "Name": "sepehr_subnet1"
            },
            "tags_all": {
              "Name": "sepehr_subnet1"
            },
            "timeouts": null,
            "vpc_id": "vpc-069af0cbd841cbcad"
          },
          "sensitive_attributes": [],
          "private": "eyJlMmJmYjczMC1lY2FhLTExZTYtOGY4OC0zNDM2M2JjN2M0YzAiOnsiY3JlYXRlIjo2MDAwMDAwMDAwMDAsImRlbGV0ZSI6MTIwMDAwMDAwMDAwMH0sInNjaGVtYV92ZXJzaW9uIjoiMSJ9",
          "dependencies": [
            "aws_vpc.sepehr_vpc"
          ]
        }
      ]
    },
    {
      "mode": "managed",
      "type": "aws_vpc",
      "name": "sepehr_vpc",
      "provider": "provider[\"registry.terraform.io/hashicorp/aws\"]",
      "instances": [
        {
          "schema_version": 1,
          "attributes": {
            "arn": "arn:aws:ec2:us-west-2:945345488425:vpc/vpc-069af0cbd841cbcad",
            "assign_generated_ipv6_cidr_block": false,
            "cidr_block": "192.168.0.0/16",
            "default_network_acl_id": "acl-082ff74436c2f10f3",
            "default_route_table_id": "rtb-069d520e83a7db222",
            "default_security_group_id": "sg-08a7c0b7db930b7e2",
            "dhcp_options_id": "dopt-77c69f0f",
            "enable_classiclink": false,
            "enable_classiclink_dns_support": false,
            "enable_dns_hostnames": false,
            "enable_dns_support": true,
            "id": "vpc-069af0cbd841cbcad",
            "instance_tenancy": "default",
            "ipv6_association_id": "",
            "ipv6_cidr_block": "",
            "main_route_table_id": "rtb-069d520e83a7db222",
            "owner_id": "945345488425",
            "tags": {
              "Name": "sepehr_vpc"
            },
            "tags_all": {
              "Name": "sepehr_vpc"
            }
          },
          "sensitive_attributes": [],
          "private": "eyJzY2hlbWFfdmVyc2lvbiI6IjEifQ=="
        }
      ]
    }
  ]
}
